// !$*UTF8*$!
{
	archiveVersion = 1;
	classes = {
	};
	objectVersion = 55;
	objects = {

/* Begin PBXBuildFile section */
		2C053E81288095A5002E53C0 /* LaunchBoxApp.swift in Sources */ = {isa = PBXBuildFile; fileRef = 2C053E80288095A5002E53C0 /* LaunchBoxApp.swift */; };
		2C053E83288095A5002E53C0 /* Persistence.swift in Sources */ = {isa = PBXBuildFile; fileRef = 2C053E82288095A5002E53C0 /* Persistence.swift */; };
		2C053E86288095A5002E53C0 /* LaunchBox.xcdatamodeld in Sources */ = {isa = PBXBuildFile; fileRef = 2C053E84288095A5002E53C0 /* LaunchBox.xcdatamodeld */; };
		2C053E88288095A5002E53C0 /* ContentView.swift in Sources */ = {isa = PBXBuildFile; fileRef = 2C053E87288095A5002E53C0 /* ContentView.swift */; };
		2C053E8A288095A8002E53C0 /* Assets.xcassets in Resources */ = {isa = PBXBuildFile; fileRef = 2C053E89288095A8002E53C0 /* Assets.xcassets */; };
		2C053E8E288095A8002E53C0 /* Preview Assets.xcassets in Resources */ = {isa = PBXBuildFile; fileRef = 2C053E8D288095A8002E53C0 /* Preview Assets.xcassets */; };
		2C053E95288096E5002E53C0 /* LICENSE in Resources */ = {isa = PBXBuildFile; fileRef = 2C053E94288096E5002E53C0 /* LICENSE */; };
		2C053E97288096EF002E53C0 /* README.md in Resources */ = {isa = PBXBuildFile; fileRef = 2C053E96288096EF002E53C0 /* README.md */; };
/* End PBXBuildFile section */

/* Begin PBXFileReference section */
		2C053E7D288095A5002E53C0 /* LaunchBox.app */ = {isa = PBXFileReference; explicitFileType = wrapper.application; includeInIndex = 0; path = LaunchBox.app; sourceTree = BUILT_PRODUCTS_DIR; };
		2C053E80288095A5002E53C0 /* LaunchBoxApp.swift */ = {isa = PBXFileReference; lastKnownFileType = sourcecode.swift; path = LaunchBoxApp.swift; sourceTree = "<group>"; };
		2C053E82288095A5002E53C0 /* Persistence.swift */ = {isa = PBXFileReference; lastKnownFileType = sourcecode.swift; path = Persistence.swift; sourceTree = "<group>"; };
		2C053E85288095A5002E53C0 /* LaunchBox.xcdatamodel */ = {isa = PBXFileReference; lastKnownFileType = wrapper.xcdatamodel; path = LaunchBox.xcdatamodel; sourceTree = "<group>"; };
		2C053E87288095A5002E53C0 /* ContentView.swift */ = {isa = PBXFileReference; lastKnownFileType = sourcecode.swift; path = ContentView.swift; sourceTree = "<group>"; };
		2C053E89288095A8002E53C0 /* Assets.xcassets */ = {isa = PBXFileReference; lastKnownFileType = folder.assetcatalog; path = Assets.xcassets; sourceTree = "<group>"; };
		2C053E8B288095A8002E53C0 /* LaunchBox.entitlements */ = {isa = PBXFileReference; lastKnownFileType = text.plist.entitlements; path = LaunchBox.entitlements; sourceTree = "<group>"; };
		2C053E8D288095A8002E53C0 /* Preview Assets.xcassets */ = {isa = PBXFileReference; lastKnownFileType = folder.assetcatalog; path = "Preview Assets.xcassets"; sourceTree = "<group>"; };
		2C053E94288096E5002E53C0 /* LICENSE */ = {isa = PBXFileReference; fileEncoding = 4; lastKnownFileType = text; path = LICENSE; sourceTree = "<group>"; };
		2C053E96288096EF002E53C0 /* README.md */ = {isa = PBXFileReference; fileEncoding = 4; lastKnownFileType = net.daringfireball.markdown; path = README.md; sourceTree = "<group>"; };
		2C053E9928809723002E53C0 /* pre_compile.sh */ = {isa = PBXFileReference; lastKnownFileType = text.script.sh; path = pre_compile.sh; sourceTree = "<group>"; };
/* End PBXFileReference section */

/* Begin PBXFrameworksBuildPhase section */
		2C053E7A288095A5002E53C0 /* Frameworks */ = {
			isa = PBXFrameworksBuildPhase;
			buildActionMask = 2147483647;
			files = (
			);
			runOnlyForDeploymentPostprocessing = 0;
		};
/* End PBXFrameworksBuildPhase section */

/* Begin PBXGroup section */
		2C053E74288095A5002E53C0 = {
			isa = PBXGroup;
			children = (
				2C053E94288096E5002E53C0 /* LICENSE */,
				2C053E96288096EF002E53C0 /* README.md */,
				2C053E7F288095A5002E53C0 /* LaunchBox */,
				2C053E7E288095A5002E53C0 /* Products */,
				2C053E9828809700002E53C0 /* Scripts */,
			);
			sourceTree = "<group>";
		};
		2C053E7E288095A5002E53C0 /* Products */ = {
			isa = PBXGroup;
			children = (
				2C053E7D288095A5002E53C0 /* LaunchBox.app */,
			);
			name = Products;
			sourceTree = "<group>";
		};
		2C053E7F288095A5002E53C0 /* LaunchBox */ = {
			isa = PBXGroup;
			children = (
				2C053E8B288095A8002E53C0 /* LaunchBox.entitlements */,
				2C053E87288095A5002E53C0 /* ContentView.swift */,
				2C053E80288095A5002E53C0 /* LaunchBoxApp.swift */,
				2C053E89288095A8002E53C0 /* Assets.xcassets */,
				2C6466C12880A33D00378AF0 /* Models */,
				2C053E8C288095A8002E53C0 /* Preview Content */,
				2C6466C32880A48700378AF0 /* Utilities */,
			);
			path = LaunchBox;
			sourceTree = "<group>";
		};
		2C053E8C288095A8002E53C0 /* Preview Content */ = {
			isa = PBXGroup;
			children = (
				2C053E8D288095A8002E53C0 /* Preview Assets.xcassets */,
			);
			path = "Preview Content";
			sourceTree = "<group>";
		};
		2C053E9828809700002E53C0 /* Scripts */ = {
			isa = PBXGroup;
			children = (
				2C053E9928809723002E53C0 /* pre_compile.sh */,
			);
			path = Scripts;
			sourceTree = "<group>";
		};
		2C6466C12880A33D00378AF0 /* Models */ = {
			isa = PBXGroup;
			children = (
				2C6466C22880A34200378AF0 /* CoreData */,
			);
			path = Models;
			sourceTree = "<group>";
		};
		2C6466C22880A34200378AF0 /* CoreData */ = {
			isa = PBXGroup;
			children = (
				2C053E84288095A5002E53C0 /* LaunchBox.xcdatamodeld */,
			);
			path = CoreData;
			sourceTree = "<group>";
		};
		2C6466C32880A48700378AF0 /* Utilities */ = {
			isa = PBXGroup;
			children = (
				2C053E82288095A5002E53C0 /* Persistence.swift */,
			);
			path = Utilities;
			sourceTree = "<group>";
		};
/* End PBXGroup section */

/* Begin PBXNativeTarget section */
		2C053E7C288095A5002E53C0 /* LaunchBox */ = {
			isa = PBXNativeTarget;
			buildConfigurationList = 2C053E91288095A8002E53C0 /* Build configuration list for PBXNativeTarget "LaunchBox" */;
			buildPhases = (
				2C053E79288095A5002E53C0 /* Sources */,
				2C053E7A288095A5002E53C0 /* Frameworks */,
				2C053E7B288095A5002E53C0 /* Resources */,
			);
			buildRules = (
			);
			dependencies = (
			);
			name = LaunchBox;
			productName = LaunchBox;
			productReference = 2C053E7D288095A5002E53C0 /* LaunchBox.app */;
			productType = "com.apple.product-type.application";
		};
/* End PBXNativeTarget section */

/* Begin PBXProject section */
		2C053E75288095A5002E53C0 /* Project object */ = {
			isa = PBXProject;
			attributes = {
				BuildIndependentTargetsInParallel = 1;
				LastSwiftUpdateCheck = 1400;
				LastUpgradeCheck = 1400;
				TargetAttributes = {
					2C053E7C288095A5002E53C0 = {
						CreatedOnToolsVersion = 14.0;
					};
				};
			};
			buildConfigurationList = 2C053E78288095A5002E53C0 /* Build configuration list for PBXProject "LaunchBox" */;
			compatibilityVersion = "Xcode 13.0";
			developmentRegion = en;
			hasScannedForEncodings = 0;
			knownRegions = (
				en,
				Base,
			);
			mainGroup = 2C053E74288095A5002E53C0;
			productRefGroup = 2C053E7E288095A5002E53C0 /* Products */;
			projectDirPath = "";
			projectRoot = "";
			targets = (
				2C053E7C288095A5002E53C0 /* LaunchBox */,
			);
		};
/* End PBXProject section */

/* Begin PBXResourcesBuildPhase section */
		2C053E7B288095A5002E53C0 /* Resources */ = {
			isa = PBXResourcesBuildPhase;
			buildActionMask = 2147483647;
			files = (
				2C053E95288096E5002E53C0 /* LICENSE in Resources */,
				2C053E8E288095A8002E53C0 /* Preview Assets.xcassets in Resources */,
				2C053E97288096EF002E53C0 /* README.md in Resources */,
				2C053E8A288095A8002E53C0 /* Assets.xcassets in Resources */,
			);
			runOnlyForDeploymentPostprocessing = 0;
		};
/* End PBXResourcesBuildPhase section */

/* Begin PBXSourcesBuildPhase section */
		2C053E79288095A5002E53C0 /* Sources */ = {
			isa = PBXSourcesBuildPhase;
			buildActionMask = 2147483647;
			files = (
				2C053E81288095A5002E53C0 /* LaunchBoxApp.swift in Sources */,
				2C053E86288095A5002E53C0 /* LaunchBox.xcdatamodeld in Sources */,
				2C053E88288095A5002E53C0 /* ContentView.swift in Sources */,
				2C053E83288095A5002E53C0 /* Persistence.swift in Sources */,
			);
			runOnlyForDeploymentPostprocessing = 0;
		};
/* End PBXSourcesBuildPhase section */

/* Begin XCBuildConfiguration section */
		2C053E8F288095A8002E53C0 /* Debug */ = {
			isa = XCBuildConfiguration;
			buildSettings = {
				ALWAYS_SEARCH_USER_PATHS = NO;
				CLANG_ANALYZER_NONNULL = YES;
				CLANG_ANALYZER_NUMBER_OBJECT_CONVERSION = YES_AGGRESSIVE;
				CLANG_CXX_LANGUAGE_STANDARD = "gnu++17";
				CLANG_ENABLE_MODULES = YES;
				CLANG_ENABLE_OBJC_ARC = YES;
				CLANG_ENABLE_OBJC_WEAK = YES;
				CLANG_WARN_BLOCK_CAPTURE_AUTORELEASING = YES;
				CLANG_WARN_BOOL_CONVERSION = YES;
				CLANG_WARN_COMMA = YES;
				CLANG_WARN_CONSTANT_CONVERSION = YES;
				CLANG_WARN_DEPRECATED_OBJC_IMPLEMENTATIONS = YES;
				CLANG_WARN_DIRECT_OBJC_ISA_USAGE = YES_ERROR;
				CLANG_WARN_DOCUMENTATION_COMMENTS = YES;
				CLANG_WARN_EMPTY_BODY = YES;
				CLANG_WARN_ENUM_CONVERSION = YES;
				CLANG_WARN_INFINITE_RECURSION = YES;
				CLANG_WARN_INT_CONVERSION = YES;
				CLANG_WARN_NON_LITERAL_NULL_CONVERSION = YES;
				CLANG_WARN_OBJC_IMPLICIT_RETAIN_SELF = YES;
				CLANG_WARN_OBJC_LITERAL_CONVERSION = YES;
				CLANG_WARN_OBJC_ROOT_CLASS = YES_ERROR;
				CLANG_WARN_QUOTED_INCLUDE_IN_FRAMEWORK_HEADER = YES;
				CLANG_WARN_RANGE_LOOP_ANALYSIS = YES;
				CLANG_WARN_STRICT_PROTOTYPES = YES;
				CLANG_WARN_SUSPICIOUS_MOVE = YES;
				CLANG_WARN_UNGUARDED_AVAILABILITY = YES_AGGRESSIVE;
				CLANG_WARN_UNREACHABLE_CODE = YES;
				CLANG_WARN__DUPLICATE_METHOD_MATCH = YES;
				COPY_PHASE_STRIP = NO;
				DEBUG_INFORMATION_FORMAT = dwarf;
				ENABLE_STRICT_OBJC_MSGSEND = YES;
				ENABLE_TESTABILITY = YES;
				GCC_C_LANGUAGE_STANDARD = gnu11;
				GCC_DYNAMIC_NO_PIC = NO;
				GCC_NO_COMMON_BLOCKS = YES;
				GCC_OPTIMIZATION_LEVEL = 0;
				GCC_PREPROCESSOR_DEFINITIONS = (
					"DEBUG=1",
					"$(inherited)",
				);
				GCC_WARN_64_TO_32_BIT_CONVERSION = YES;
				GCC_WARN_ABOUT_RETURN_TYPE = YES_ERROR;
				GCC_WARN_UNDECLARED_SELECTOR = YES;
				GCC_WARN_UNINITIALIZED_AUTOS = YES_AGGRESSIVE;
				GCC_WARN_UNUSED_FUNCTION = YES;
				GCC_WARN_UNUSED_VARIABLE = YES;
				MTL_ENABLE_DEBUG_INFO = INCLUDE_SOURCE;
				MTL_FAST_MATH = YES;
				ONLY_ACTIVE_ARCH = YES;
				SWIFT_ACTIVE_COMPILATION_CONDITIONS = DEBUG;
				SWIFT_OPTIMIZATION_LEVEL = "-Onone";
			};
			name = Debug;
		};
		2C053E90288095A8002E53C0 /* Release */ = {
			isa = XCBuildConfiguration;
			buildSettings = {
				ALWAYS_SEARCH_USER_PATHS = NO;
				CLANG_ANALYZER_NONNULL = YES;
				CLANG_ANALYZER_NUMBER_OBJECT_CONVERSION = YES_AGGRESSIVE;
				CLANG_CXX_LANGUAGE_STANDARD = "gnu++17";
				CLANG_ENABLE_MODULES = YES;
				CLANG_ENABLE_OBJC_ARC = YES;
				CLANG_ENABLE_OBJC_WEAK = YES;
				CLANG_WARN_BLOCK_CAPTURE_AUTORELEASING = YES;
				CLANG_WARN_BOOL_CONVERSION = YES;
				CLANG_WARN_COMMA = YES;
				CLANG_WARN_CONSTANT_CONVERSION = YES;
				CLANG_WARN_DEPRECATED_OBJC_IMPLEMENTATIONS = YES;
				CLANG_WARN_DIRECT_OBJC_ISA_USAGE = YES_ERROR;
				CLANG_WARN_DOCUMENTATION_COMMENTS = YES;
				CLANG_WARN_EMPTY_BODY = YES;
				CLANG_WARN_ENUM_CONVERSION = YES;
				CLANG_WARN_INFINITE_RECURSION = YES;
				CLANG_WARN_INT_CONVERSION = YES;
				CLANG_WARN_NON_LITERAL_NULL_CONVERSION = YES;
				CLANG_WARN_OBJC_IMPLICIT_RETAIN_SELF = YES;
				CLANG_WARN_OBJC_LITERAL_CONVERSION = YES;
				CLANG_WARN_OBJC_ROOT_CLASS = YES_ERROR;
				CLANG_WARN_QUOTED_INCLUDE_IN_FRAMEWORK_HEADER = YES;
				CLANG_WARN_RANGE_LOOP_ANALYSIS = YES;
				CLANG_WARN_STRICT_PROTOTYPES = YES;
				CLANG_WARN_SUSPICIOUS_MOVE = YES;
				CLANG_WARN_UNGUARDED_AVAILABILITY = YES_AGGRESSIVE;
				CLANG_WARN_UNREACHABLE_CODE = YES;
				CLANG_WARN__DUPLICATE_METHOD_MATCH = YES;
				COPY_PHASE_STRIP = NO;
				DEBUG_INFORMATION_FORMAT = "dwarf-with-dsym";
				ENABLE_NS_ASSERTIONS = NO;
				ENABLE_STRICT_OBJC_MSGSEND = YES;
				GCC_C_LANGUAGE_STANDARD = gnu11;
				GCC_NO_COMMON_BLOCKS = YES;
				GCC_WARN_64_TO_32_BIT_CONVERSION = YES;
				GCC_WARN_ABOUT_RETURN_TYPE = YES_ERROR;
				GCC_WARN_UNDECLARED_SELECTOR = YES;
				GCC_WARN_UNINITIALIZED_AUTOS = YES_AGGRESSIVE;
				GCC_WARN_UNUSED_FUNCTION = YES;
				GCC_WARN_UNUSED_VARIABLE = YES;
				MTL_ENABLE_DEBUG_INFO = NO;
				MTL_FAST_MATH = YES;
				SWIFT_COMPILATION_MODE = wholemodule;
				SWIFT_OPTIMIZATION_LEVEL = "-O";
			};
			name = Release;
		};
		2C053E92288095A8002E53C0 /* Debug */ = {
			isa = XCBuildConfiguration;
			buildSettings = {
				ASSETCATALOG_COMPILER_APPICON_NAME = AppIcon;
				ASSETCATALOG_COMPILER_GLOBAL_ACCENT_COLOR_NAME = AccentColor;
				CODE_SIGN_ENTITLEMENTS = LaunchBox/LaunchBox.entitlements;
				CODE_SIGN_STYLE = Automatic;
				CURRENT_PROJECT_VERSION = 1;
				DEVELOPMENT_ASSET_PATHS = "\"LaunchBox/Preview Content\"";
				DEVELOPMENT_TEAM = DXUKH9VF73;
				ENABLE_HARDENED_RUNTIME = YES;
				ENABLE_PREVIEWS = YES;
				GENERATE_INFOPLIST_FILE = YES;
				"INFOPLIST_KEY_UILaunchScreen_Generation[sdk=iphoneos*]" = YES;
				"INFOPLIST_KEY_UILaunchScreen_Generation[sdk=iphonesimulator*]" = YES;
				INFOPLIST_KEY_UISupportedInterfaceOrientations_iPad = "UIInterfaceOrientationPortrait UIInterfaceOrientationPortraitUpsideDown UIInterfaceOrientationLandscapeLeft UIInterfaceOrientationLandscapeRight";
				INFOPLIST_KEY_UISupportedInterfaceOrientations_iPhone = "UIInterfaceOrientationPortrait UIInterfaceOrientationLandscapeLeft UIInterfaceOrientationLandscapeRight";
				IPHONEOS_DEPLOYMENT_TARGET = 16.0;
				LD_RUNPATH_SEARCH_PATHS = "@executable_path/Frameworks";
				"LD_RUNPATH_SEARCH_PATHS[sdk=macosx*]" = "@executable_path/../Frameworks";
				MACOSX_DEPLOYMENT_TARGET = 13.0;
				MARKETING_VERSION = 1.0;
				PRODUCT_BUNDLE_IDENTIFIER = io.kamaal.LaunchBox;
				PRODUCT_NAME = "$(TARGET_NAME)";
				SDKROOT = auto;
				SUPPORTED_PLATFORMS = "iphoneos iphonesimulator macosx";
				SWIFT_EMIT_LOC_STRINGS = YES;
				SWIFT_VERSION = 5.0;
				TARGETED_DEVICE_FAMILY = "1,2";
			};
			name = Debug;
		};
		2C053E93288095A8002E53C0 /* Release */ = {
			isa = XCBuildConfiguration;
			buildSettings = {
				ASSETCATALOG_COMPILER_APPICON_NAME = AppIcon;
				ASSETCATALOG_COMPILER_GLOBAL_ACCENT_COLOR_NAME = AccentColor;
				CODE_SIGN_ENTITLEMENTS = LaunchBox/LaunchBox.entitlements;
				CODE_SIGN_STYLE = Automatic;
				CURRENT_PROJECT_VERSION = 1;
				DEVELOPMENT_ASSET_PATHS = "\"LaunchBox/Preview Content\"";
				DEVELOPMENT_TEAM = DXUKH9VF73;
				ENABLE_HARDENED_RUNTIME = YES;
				ENABLE_PREVIEWS = YES;
				GENERATE_INFOPLIST_FILE = YES;
				"INFOPLIST_KEY_UILaunchScreen_Generation[sdk=iphoneos*]" = YES;
				"INFOPLIST_KEY_UILaunchScreen_Generation[sdk=iphonesimulator*]" = YES;
				INFOPLIST_KEY_UISupportedInterfaceOrientations_iPad = "UIInterfaceOrientationPortrait UIInterfaceOrientationPortraitUpsideDown UIInterfaceOrientationLandscapeLeft UIInterfaceOrientationLandscapeRight";
				INFOPLIST_KEY_UISupportedInterfaceOrientations_iPhone = "UIInterfaceOrientationPortrait UIInterfaceOrientationLandscapeLeft UIInterfaceOrientationLandscapeRight";
				IPHONEOS_DEPLOYMENT_TARGET = 16.0;
				LD_RUNPATH_SEARCH_PATHS = "@executable_path/Frameworks";
				"LD_RUNPATH_SEARCH_PATHS[sdk=macosx*]" = "@executable_path/../Frameworks";
				MACOSX_DEPLOYMENT_TARGET = 13.0;
				MARKETING_VERSION = 1.0;
				PRODUCT_BUNDLE_IDENTIFIER = io.kamaal.LaunchBox;
				PRODUCT_NAME = "$(TARGET_NAME)";
				SDKROOT = auto;
				SUPPORTED_PLATFORMS = "iphoneos iphonesimulator macosx";
				SWIFT_EMIT_LOC_STRINGS = YES;
				SWIFT_VERSION = 5.0;
				TARGETED_DEVICE_FAMILY = "1,2";
			};
			name = Release;
		};
/* End XCBuildConfiguration section */

/* Begin XCConfigurationList section */
		2C053E78288095A5002E53C0 /* Build configuration list for PBXProject "LaunchBox" */ = {
			isa = XCConfigurationList;
			buildConfigurations = (
				2C053E8F288095A8002E53C0 /* Debug */,
				2C053E90288095A8002E53C0 /* Release */,
			);
			defaultConfigurationIsVisible = 0;
			defaultConfigurationName = Release;
		};
		2C053E91288095A8002E53C0 /* Build configuration list for PBXNativeTarget "LaunchBox" */ = {
			isa = XCConfigurationList;
			buildConfigurations = (
				2C053E92288095A8002E53C0 /* Debug */,
				2C053E93288095A8002E53C0 /* Release */,
			);
			defaultConfigurationIsVisible = 0;
			defaultConfigurationName = Release;
		};
/* End XCConfigurationList section */

/* Begin XCVersionGroup section */
		2C053E84288095A5002E53C0 /* LaunchBox.xcdatamodeld */ = {
			isa = XCVersionGroup;
			children = (
				2C053E85288095A5002E53C0 /* LaunchBox.xcdatamodel */,
			);
			currentVersion = 2C053E85288095A5002E53C0 /* LaunchBox.xcdatamodel */;
			path = LaunchBox.xcdatamodeld;
			sourceTree = "<group>";
			versionGroupType = wrapper.xcdatamodel;
		};
/* End XCVersionGroup section */
	};
	rootObject = 2C053E75288095A5002E53C0 /* Project object */;
}
